
Microsoft Visual Studio Solution File, Format Version 12.00
# Visual Studio 15
VisualStudioVersion = 15.0.28307.421
MinimumVisualStudioVersion = 10.0.40219.1
Project("{FAE04EC0-301F-11D3-BF4B-00C04F79EFBC}") = "number_game", "number_game.csproj", "{9CB24746-5BBC-4FF3-9500-2FCD157F4949}"
EndProject
Global
	GlobalSection(SolutionConfigurationPlatforms) = preSolution
		Debug|Any CPU = Debug|Any CPU
		Release|Any CPU = Release|Any CPU
	EndGlobalSection
	GlobalSection(ProjectConfigurationPlatforms) = postSolution
		{9CB24746-5BBC-4FF3-9500-2FCD157F4949}.Debug|Any CPU.ActiveCfg = Debug|Any CPU
		{9CB24746-5BBC-4FF3-9500-2FCD157F4949}.Debug|Any CPU.Build.0 = Debug|Any CPU
		{9CB24746-5BBC-4FF3-9500-2FCD157F4949}.Release|Any CPU.ActiveCfg = Release|Any CPU
		{9CB24746-5BBC-4FF3-9500-2FCD157F4949}.Release|Any CPU.Build.0 = Release|Any CPU
	EndGlobalSection
	GlobalSection(SolutionProperties) = preSolution
		HideSolutionNode = FALSE
	EndGlobalSection
	GlobalSection(ExtensibilityGlobals) = postSolution
		SolutionGuid = {9720D11A-E72F-43D5-B14D-62096CC71760}
	EndGlobalSection
EndGlobal
